
Microsoft Visual Studio Solution File, Format Version 12.00
# Visual Studio 15
VisualStudioVersion = 15.0.28307.329
MinimumVisualStudioVersion = 10.0.40219.1
Project("{FAE04EC0-301F-11D3-BF4B-00C04F79EFBC}") = "Bookstore_Application", "Bookstore_Application\Bookstore_Application.csproj", "{A5789287-10E7-4459-A2AD-237A61EC8057}"
EndProject
Global
	GlobalSection(SolutionConfigurationPlatforms) = preSolution
		Debug|Any CPU = Debug|Any CPU
		Release|Any CPU = Release|Any CPU
	EndGlobalSection
	GlobalSection(ProjectConfigurationPlatforms) = postSolution
		{A5789287-10E7-4459-A2AD-237A61EC8057}.Debug|Any CPU.ActiveCfg = Debug|Any CPU
		{A5789287-10E7-4459-A2AD-237A61EC8057}.Debug|Any CPU.Build.0 = Debug|Any CPU
		{A5789287-10E7-4459-A2AD-237A61EC8057}.Release|Any CPU.ActiveCfg = Release|Any CPU
		{A5789287-10E7-4459-A2AD-237A61EC8057}.Release|Any CPU.Build.0 = Release|Any CPU
	EndGlobalSection
	GlobalSection(SolutionProperties) = preSolution
		HideSolutionNode = FALSE
	EndGlobalSection
	GlobalSection(ExtensibilityGlobals) = postSolution
		SolutionGuid = {DA930F76-30D1-48D4-9167-AB6AC71FAFF3}
	EndGlobalSection
EndGlobal
